
Microsoft Visual Studio Solution File, Format Version 12.00
# Visual Studio Version 17
VisualStudioVersion = 17.4.33213.308
MinimumVisualStudioVersion = 10.0.40219.1
Project("{FAE04EC0-301F-11D3-BF4B-00C04F79EFBC}") = "inventario_systemm", "inventario_systemm\inventario_systemm.csproj", "{AF98471E-C266-4840-BED9-F619D4424C6D}"
EndProject
Global
	GlobalSection(SolutionConfigurationPlatforms) = preSolution
		Debug|Any CPU = Debug|Any CPU
		Release|Any CPU = Release|Any CPU
	EndGlobalSection
	GlobalSection(ProjectConfigurationPlatforms) = postSolution
		{AF98471E-C266-4840-BED9-F619D4424C6D}.Debug|Any CPU.ActiveCfg = Debug|Any CPU
		{AF98471E-C266-4840-BED9-F619D4424C6D}.Debug|Any CPU.Build.0 = Debug|Any CPU
		{AF98471E-C266-4840-BED9-F619D4424C6D}.Release|Any CPU.ActiveCfg = Release|Any CPU
		{AF98471E-C266-4840-BED9-F619D4424C6D}.Release|Any CPU.Build.0 = Release|Any CPU
	EndGlobalSection
	GlobalSection(SolutionProperties) = preSolution
		HideSolutionNode = FALSE
	EndGlobalSection
	GlobalSection(ExtensibilityGlobals) = postSolution
		SolutionGuid = {621FC2D9-9142-45F3-81D8-1D6114BAD140}
	EndGlobalSection
EndGlobal
